
Microsoft Visual Studio Solution File, Format Version 12.00
# Visual Studio Version 17
VisualStudioVersion = 17.8.34408.163
MinimumVisualStudioVersion = 10.0.40219.1
Project("{9A19103F-16F7-4668-BE54-9A1E7A4F7556}") = "ag.ems.api", "ag.ems.api\ag.ems.api.csproj", "{9E96CD5E-DB60-463C-9528-AEEB4AF4D666}"
EndProject
Project("{9A19103F-16F7-4668-BE54-9A1E7A4F7556}") = "ag.ems.domain", "ag.ems.domain\ag.ems.domain.csproj", "{FC56FC74-35E5-4812-9744-B9BFF40586AC}"
EndProject
Project("{9A19103F-16F7-4668-BE54-9A1E7A4F7556}") = "ag.ems.application", "ag.ems.application\ag.ems.application.csproj", "{F42648D2-39D9-4E70-BCD3-27F33E60C18E}"
EndProject
Project("{FAE04EC0-301F-11D3-BF4B-00C04F79EFBC}") = "ag.ems.infrastructure", "ag.ems.infrastructure\ag.ems.infrastructure.csproj", "{9587A979-3300-4676-954E-32E65DCBFABD}"
EndProject
Global
	GlobalSection(SolutionConfigurationPlatforms) = preSolution
		Debug|Any CPU = Debug|Any CPU
		Release|Any CPU = Release|Any CPU
	EndGlobalSection
	GlobalSection(ProjectConfigurationPlatforms) = postSolution
		{9E96CD5E-DB60-463C-9528-AEEB4AF4D666}.Debug|Any CPU.ActiveCfg = Debug|Any CPU
		{9E96CD5E-DB60-463C-9528-AEEB4AF4D666}.Debug|Any CPU.Build.0 = Debug|Any CPU
		{9E96CD5E-DB60-463C-9528-AEEB4AF4D666}.Release|Any CPU.ActiveCfg = Release|Any CPU
		{9E96CD5E-DB60-463C-9528-AEEB4AF4D666}.Release|Any CPU.Build.0 = Release|Any CPU
		{FC56FC74-35E5-4812-9744-B9BFF40586AC}.Debug|Any CPU.ActiveCfg = Debug|Any CPU
		{FC56FC74-35E5-4812-9744-B9BFF40586AC}.Debug|Any CPU.Build.0 = Debug|Any CPU
		{FC56FC74-35E5-4812-9744-B9BFF40586AC}.Release|Any CPU.ActiveCfg = Release|Any CPU
		{FC56FC74-35E5-4812-9744-B9BFF40586AC}.Release|Any CPU.Build.0 = Release|Any CPU
		{F42648D2-39D9-4E70-BCD3-27F33E60C18E}.Debug|Any CPU.ActiveCfg = Debug|Any CPU
		{F42648D2-39D9-4E70-BCD3-27F33E60C18E}.Debug|Any CPU.Build.0 = Debug|Any CPU
		{F42648D2-39D9-4E70-BCD3-27F33E60C18E}.Release|Any CPU.ActiveCfg = Release|Any CPU
		{F42648D2-39D9-4E70-BCD3-27F33E60C18E}.Release|Any CPU.Build.0 = Release|Any CPU
		{9587A979-3300-4676-954E-32E65DCBFABD}.Debug|Any CPU.ActiveCfg = Debug|Any CPU
		{9587A979-3300-4676-954E-32E65DCBFABD}.Debug|Any CPU.Build.0 = Debug|Any CPU
		{9587A979-3300-4676-954E-32E65DCBFABD}.Release|Any CPU.ActiveCfg = Release|Any CPU
		{9587A979-3300-4676-954E-32E65DCBFABD}.Release|Any CPU.Build.0 = Release|Any CPU
	EndGlobalSection
	GlobalSection(SolutionProperties) = preSolution
		HideSolutionNode = FALSE
	EndGlobalSection
EndGlobal
